
Microsoft Visual Studio Solution File, Format Version 12.00
# Visual Studio Version 17
VisualStudioVersion = 17.5.33414.496
MinimumVisualStudioVersion = 10.0.40219.1
Project("{FAE04EC0-301F-11D3-BF4B-00C04F79EFBC}") = "Tarea1", "Tarea1\Tarea1.csproj", "{EE0DE5FD-24A7-4BC7-A762-750169F73C3F}"
EndProject
Global
	GlobalSection(SolutionConfigurationPlatforms) = preSolution
		Debug|Any CPU = Debug|Any CPU
		Release|Any CPU = Release|Any CPU
	EndGlobalSection
	GlobalSection(ProjectConfigurationPlatforms) = postSolution
		{EE0DE5FD-24A7-4BC7-A762-750169F73C3F}.Debug|Any CPU.ActiveCfg = Debug|Any CPU
		{EE0DE5FD-24A7-4BC7-A762-750169F73C3F}.Debug|Any CPU.Build.0 = Debug|Any CPU
		{EE0DE5FD-24A7-4BC7-A762-750169F73C3F}.Release|Any CPU.ActiveCfg = Release|Any CPU
		{EE0DE5FD-24A7-4BC7-A762-750169F73C3F}.Release|Any CPU.Build.0 = Release|Any CPU
	EndGlobalSection
	GlobalSection(SolutionProperties) = preSolution
		HideSolutionNode = FALSE
	EndGlobalSection
	GlobalSection(ExtensibilityGlobals) = postSolution
		SolutionGuid = {CBD3443F-4AF4-43BA-9232-6391DD6A10AC}
	EndGlobalSection
EndGlobal
