
Microsoft Visual Studio Solution File, Format Version 12.00
# Visual Studio Version 17
VisualStudioVersion = 17.5.33414.496
MinimumVisualStudioVersion = 10.0.40219.1
Project("{FAE04EC0-301F-11D3-BF4B-00C04F79EFBC}") = "Tarea2", "Tarea2\Tarea2.csproj", "{0E1BB1E2-C0B5-4263-9C2E-4D0119BFC19E}"
EndProject
Global
	GlobalSection(SolutionConfigurationPlatforms) = preSolution
		Debug|Any CPU = Debug|Any CPU
		Release|Any CPU = Release|Any CPU
	EndGlobalSection
	GlobalSection(ProjectConfigurationPlatforms) = postSolution
		{0E1BB1E2-C0B5-4263-9C2E-4D0119BFC19E}.Debug|Any CPU.ActiveCfg = Debug|Any CPU
		{0E1BB1E2-C0B5-4263-9C2E-4D0119BFC19E}.Debug|Any CPU.Build.0 = Debug|Any CPU
		{0E1BB1E2-C0B5-4263-9C2E-4D0119BFC19E}.Release|Any CPU.ActiveCfg = Release|Any CPU
		{0E1BB1E2-C0B5-4263-9C2E-4D0119BFC19E}.Release|Any CPU.Build.0 = Release|Any CPU
	EndGlobalSection
	GlobalSection(SolutionProperties) = preSolution
		HideSolutionNode = FALSE
	EndGlobalSection
	GlobalSection(ExtensibilityGlobals) = postSolution
		SolutionGuid = {32C7466A-6F81-439B-B195-614FE1A9943B}
	EndGlobalSection
EndGlobal
